// !$*UTF8*$!
{
	archiveVersion = 1;
	classes = {
	};
	objectVersion = 55;
	objects = {

/* Begin PBXBuildFile section */
		A34A48442867A42700EC5C25 /* AppDelegate.swift in Sources */ = {isa = PBXBuildFile; fileRef = A34A48432867A42700EC5C25 /* AppDelegate.swift */; };
		A34A48462867A42700EC5C25 /* SceneDelegate.swift in Sources */ = {isa = PBXBuildFile; fileRef = A34A48452867A42700EC5C25 /* SceneDelegate.swift */; };
		A34A48482867A42700EC5C25 /* ViewController.swift in Sources */ = {isa = PBXBuildFile; fileRef = A34A48472867A42700EC5C25 /* ViewController.swift */; };
		A34A484B2867A42700EC5C25 /* Main.storyboard in Resources */ = {isa = PBXBuildFile; fileRef = A34A48492867A42700EC5C25 /* Main.storyboard */; };
		A34A484E2867A42700EC5C25 /* ApiClient.xcdatamodeld in Sources */ = {isa = PBXBuildFile; fileRef = A34A484C2867A42700EC5C25 /* ApiClient.xcdatamodeld */; };
		A34A48502867A42800EC5C25 /* Assets.xcassets in Resources */ = {isa = PBXBuildFile; fileRef = A34A484F2867A42800EC5C25 /* Assets.xcassets */; };
		A34A48532867A42800EC5C25 /* LaunchScreen.storyboard in Resources */ = {isa = PBXBuildFile; fileRef = A34A48512867A42800EC5C25 /* LaunchScreen.storyboard */; };
		A34A485E2867A42800EC5C25 /* ApiClientTests.swift in Sources */ = {isa = PBXBuildFile; fileRef = A34A485D2867A42800EC5C25 /* ApiClientTests.swift */; };
		A34A48682867A42800EC5C25 /* ApiClientUITests.swift in Sources */ = {isa = PBXBuildFile; fileRef = A34A48672867A42800EC5C25 /* ApiClientUITests.swift */; };
		A34A486A2867A42800EC5C25 /* ApiClientUITestsLaunchTests.swift in Sources */ = {isa = PBXBuildFile; fileRef = A34A48692867A42800EC5C25 /* ApiClientUITestsLaunchTests.swift */; };
		A34A48792867BB1200EC5C25 /* API.swift in Sources */ = {isa = PBXBuildFile; fileRef = A34A48782867BB1200EC5C25 /* API.swift */; };
		A34A487B2867BD2900EC5C25 /* ApiClient.swift in Sources */ = {isa = PBXBuildFile; fileRef = A34A487A2867BD2900EC5C25 /* ApiClient.swift */; };
		A34A487D2867D74000EC5C25 /* EndPoint.swift in Sources */ = {isa = PBXBuildFile; fileRef = A34A487C2867D74000EC5C25 /* EndPoint.swift */; };
		A34A487F2867D97400EC5C25 /* Entity.swift in Sources */ = {isa = PBXBuildFile; fileRef = A34A487E2867D97400EC5C25 /* Entity.swift */; };
		A34A48812867D99500EC5C25 /* Constants.swift in Sources */ = {isa = PBXBuildFile; fileRef = A34A48802867D99500EC5C25 /* Constants.swift */; };
		A34A48832867DBB700EC5C25 /* Router.swift in Sources */ = {isa = PBXBuildFile; fileRef = A34A48822867DBB700EC5C25 /* Router.swift */; };
		A34A48862867E6BD00EC5C25 /* Parser.swift in Sources */ = {isa = PBXBuildFile; fileRef = A34A48852867E6BD00EC5C25 /* Parser.swift */; };
		A34A48882867E8A700EC5C25 /* Requester.swift in Sources */ = {isa = PBXBuildFile; fileRef = A34A48872867E8A700EC5C25 /* Requester.swift */; };
		FF023F85286A69A400014AEC /* ApiMovies.swift in Sources */ = {isa = PBXBuildFile; fileRef = FF023F84286A69A400014AEC /* ApiMovies.swift */; };
		FF023F87286B707B00014AEC /* GetMoviesEndpoint.swift in Sources */ = {isa = PBXBuildFile; fileRef = FF023F86286B707B00014AEC /* GetMoviesEndpoint.swift */; };
/* End PBXBuildFile section */

/* Begin PBXContainerItemProxy section */
		A34A485A2867A42800EC5C25 /* PBXContainerItemProxy */ = {
			isa = PBXContainerItemProxy;
			containerPortal = A34A48382867A42700EC5C25 /* Project object */;
			proxyType = 1;
			remoteGlobalIDString = A34A483F2867A42700EC5C25;
			remoteInfo = ApiClient;
		};
		A34A48642867A42800EC5C25 /* PBXContainerItemProxy */ = {
			isa = PBXContainerItemProxy;
			containerPortal = A34A48382867A42700EC5C25 /* Project object */;
			proxyType = 1;
			remoteGlobalIDString = A34A483F2867A42700EC5C25;
			remoteInfo = ApiClient;
		};
/* End PBXContainerItemProxy section */

/* Begin PBXFileReference section */
		A34A48402867A42700EC5C25 /* ApiClient.app */ = {isa = PBXFileReference; explicitFileType = wrapper.application; includeInIndex = 0; path = ApiClient.app; sourceTree = BUILT_PRODUCTS_DIR; };
		A34A48432867A42700EC5C25 /* AppDelegate.swift */ = {isa = PBXFileReference; lastKnownFileType = sourcecode.swift; path = AppDelegate.swift; sourceTree = "<group>"; };
		A34A48452867A42700EC5C25 /* SceneDelegate.swift */ = {isa = PBXFileReference; lastKnownFileType = sourcecode.swift; path = SceneDelegate.swift; sourceTree = "<group>"; };
		A34A48472867A42700EC5C25 /* ViewController.swift */ = {isa = PBXFileReference; lastKnownFileType = sourcecode.swift; path = ViewController.swift; sourceTree = "<group>"; };
		A34A484A2867A42700EC5C25 /* Base */ = {isa = PBXFileReference; lastKnownFileType = file.storyboard; name = Base; path = Base.lproj/Main.storyboard; sourceTree = "<group>"; };
		A34A484D2867A42700EC5C25 /* ApiClient.xcdatamodel */ = {isa = PBXFileReference; lastKnownFileType = wrapper.xcdatamodel; path = ApiClient.xcdatamodel; sourceTree = "<group>"; };
		A34A484F2867A42800EC5C25 /* Assets.xcassets */ = {isa = PBXFileReference; lastKnownFileType = folder.assetcatalog; path = Assets.xcassets; sourceTree = "<group>"; };
		A34A48522867A42800EC5C25 /* Base */ = {isa = PBXFileReference; lastKnownFileType = file.storyboard; name = Base; path = Base.lproj/LaunchScreen.storyboard; sourceTree = "<group>"; };
		A34A48542867A42800EC5C25 /* Info.plist */ = {isa = PBXFileReference; lastKnownFileType = text.plist.xml; path = Info.plist; sourceTree = "<group>"; };
		A34A48592867A42800EC5C25 /* ApiClientTests.xctest */ = {isa = PBXFileReference; explicitFileType = wrapper.cfbundle; includeInIndex = 0; path = ApiClientTests.xctest; sourceTree = BUILT_PRODUCTS_DIR; };
		A34A485D2867A42800EC5C25 /* ApiClientTests.swift */ = {isa = PBXFileReference; lastKnownFileType = sourcecode.swift; path = ApiClientTests.swift; sourceTree = "<group>"; };
		A34A48632867A42800EC5C25 /* ApiClientUITests.xctest */ = {isa = PBXFileReference; explicitFileType = wrapper.cfbundle; includeInIndex = 0; path = ApiClientUITests.xctest; sourceTree = BUILT_PRODUCTS_DIR; };
		A34A48672867A42800EC5C25 /* ApiClientUITests.swift */ = {isa = PBXFileReference; lastKnownFileType = sourcecode.swift; path = ApiClientUITests.swift; sourceTree = "<group>"; };
		A34A48692867A42800EC5C25 /* ApiClientUITestsLaunchTests.swift */ = {isa = PBXFileReference; lastKnownFileType = sourcecode.swift; path = ApiClientUITestsLaunchTests.swift; sourceTree = "<group>"; };
		A34A48782867BB1200EC5C25 /* API.swift */ = {isa = PBXFileReference; lastKnownFileType = sourcecode.swift; path = API.swift; sourceTree = "<group>"; };
		A34A487A2867BD2900EC5C25 /* ApiClient.swift */ = {isa = PBXFileReference; lastKnownFileType = sourcecode.swift; path = ApiClient.swift; sourceTree = "<group>"; };
		A34A487C2867D74000EC5C25 /* EndPoint.swift */ = {isa = PBXFileReference; lastKnownFileType = sourcecode.swift; path = EndPoint.swift; sourceTree = "<group>"; };
		A34A487E2867D97400EC5C25 /* Entity.swift */ = {isa = PBXFileReference; lastKnownFileType = sourcecode.swift; path = Entity.swift; sourceTree = "<group>"; };
		A34A48802867D99500EC5C25 /* Constants.swift */ = {isa = PBXFileReference; lastKnownFileType = sourcecode.swift; path = Constants.swift; sourceTree = "<group>"; };
		A34A48822867DBB700EC5C25 /* Router.swift */ = {isa = PBXFileReference; lastKnownFileType = sourcecode.swift; path = Router.swift; sourceTree = "<group>"; };
		A34A48852867E6BD00EC5C25 /* Parser.swift */ = {isa = PBXFileReference; lastKnownFileType = sourcecode.swift; path = Parser.swift; sourceTree = "<group>"; };
		A34A48872867E8A700EC5C25 /* Requester.swift */ = {isa = PBXFileReference; lastKnownFileType = sourcecode.swift; path = Requester.swift; sourceTree = "<group>"; };
		FF023F84286A69A400014AEC /* ApiMovies.swift */ = {isa = PBXFileReference; lastKnownFileType = sourcecode.swift; path = ApiMovies.swift; sourceTree = "<group>"; };
		FF023F86286B707B00014AEC /* GetMoviesEndpoint.swift */ = {isa = PBXFileReference; lastKnownFileType = sourcecode.swift; path = GetMoviesEndpoint.swift; sourceTree = "<group>"; };
/* End PBXFileReference section */

/* Begin PBXFrameworksBuildPhase section */
		A34A483D2867A42700EC5C25 /* Frameworks */ = {
			isa = PBXFrameworksBuildPhase;
			buildActionMask = 2147483647;
			files = (
			);
			runOnlyForDeploymentPostprocessing = 0;
		};
		A34A48562867A42800EC5C25 /* Frameworks */ = {
			isa = PBXFrameworksBuildPhase;
			buildActionMask = 2147483647;
			files = (
			);
			runOnlyForDeploymentPostprocessing = 0;
		};
		A34A48602867A42800EC5C25 /* Frameworks */ = {
			isa = PBXFrameworksBuildPhase;
			buildActionMask = 2147483647;
			files = (
			);
			runOnlyForDeploymentPostprocessing = 0;
		};
/* End PBXFrameworksBuildPhase section */

/* Begin PBXGroup section */
		A34A48372867A42700EC5C25 = {
			isa = PBXGroup;
			children = (
				A34A48422867A42700EC5C25 /* ApiClient */,
				A34A485C2867A42800EC5C25 /* ApiClientTests */,
				A34A48662867A42800EC5C25 /* ApiClientUITests */,
				A34A48412867A42700EC5C25 /* Products */,
			);
			sourceTree = "<group>";
		};
		A34A48412867A42700EC5C25 /* Products */ = {
			isa = PBXGroup;
			children = (
				A34A48402867A42700EC5C25 /* ApiClient.app */,
				A34A48592867A42800EC5C25 /* ApiClientTests.xctest */,
				A34A48632867A42800EC5C25 /* ApiClientUITests.xctest */,
			);
			name = Products;
			sourceTree = "<group>";
		};
		A34A48422867A42700EC5C25 /* ApiClient */ = {
			isa = PBXGroup;
			children = (
				A34A487A2867BD2900EC5C25 /* ApiClient.swift */,
				A34A487E2867D97400EC5C25 /* Entity.swift */,
				A34A48802867D99500EC5C25 /* Constants.swift */,
				A34A48842867E67700EC5C25 /* ApiManager */,
				A34A48432867A42700EC5C25 /* AppDelegate.swift */,
				A34A48452867A42700EC5C25 /* SceneDelegate.swift */,
				A34A48472867A42700EC5C25 /* ViewController.swift */,
				A34A48492867A42700EC5C25 /* Main.storyboard */,
				A34A484F2867A42800EC5C25 /* Assets.xcassets */,
				A34A48512867A42800EC5C25 /* LaunchScreen.storyboard */,
				A34A48542867A42800EC5C25 /* Info.plist */,
				A34A484C2867A42700EC5C25 /* ApiClient.xcdatamodeld */,
			);
			path = ApiClient;
			sourceTree = "<group>";
		};
		A34A485C2867A42800EC5C25 /* ApiClientTests */ = {
			isa = PBXGroup;
			children = (
				A34A485D2867A42800EC5C25 /* ApiClientTests.swift */,
			);
			path = ApiClientTests;
			sourceTree = "<group>";
		};
		A34A48662867A42800EC5C25 /* ApiClientUITests */ = {
			isa = PBXGroup;
			children = (
				A34A48672867A42800EC5C25 /* ApiClientUITests.swift */,
				A34A48692867A42800EC5C25 /* ApiClientUITestsLaunchTests.swift */,
			);
			path = ApiClientUITests;
			sourceTree = "<group>";
		};
		A34A48842867E67700EC5C25 /* ApiManager */ = {
			isa = PBXGroup;
			children = (
				FF023F84286A69A400014AEC /* ApiMovies.swift */,
				A34A48782867BB1200EC5C25 /* API.swift */,
				A34A487C2867D74000EC5C25 /* EndPoint.swift */,
				FF023F86286B707B00014AEC /* GetMoviesEndpoint.swift */,
				A34A48852867E6BD00EC5C25 /* Parser.swift */,
				A34A48872867E8A700EC5C25 /* Requester.swift */,
				A34A48822867DBB700EC5C25 /* Router.swift */,
			);
			path = ApiManager;
			sourceTree = "<group>";
		};
/* End PBXGroup section */

/* Begin PBXNativeTarget section */
		A34A483F2867A42700EC5C25 /* ApiClient */ = {
			isa = PBXNativeTarget;
			buildConfigurationList = A34A486D2867A42800EC5C25 /* Build configuration list for PBXNativeTarget "ApiClient" */;
			buildPhases = (
				A34A483C2867A42700EC5C25 /* Sources */,
				A34A483D2867A42700EC5C25 /* Frameworks */,
				A34A483E2867A42700EC5C25 /* Resources */,
				A34A48772867B8BF00EC5C25 /* ShellScript */,
			);
			buildRules = (
			);
			dependencies = (
			);
			name = ApiClient;
			productName = ApiClient;
			productReference = A34A48402867A42700EC5C25 /* ApiClient.app */;
			productType = "com.apple.product-type.application";
		};
		A34A48582867A42800EC5C25 /* ApiClientTests */ = {
			isa = PBXNativeTarget;
			buildConfigurationList = A34A48702867A42800EC5C25 /* Build configuration list for PBXNativeTarget "ApiClientTests" */;
			buildPhases = (
				A34A48552867A42800EC5C25 /* Sources */,
				A34A48562867A42800EC5C25 /* Frameworks */,
				A34A48572867A42800EC5C25 /* Resources */,
			);
			buildRules = (
			);
			dependencies = (
				A34A485B2867A42800EC5C25 /* PBXTargetDependency */,
			);
			name = ApiClientTests;
			productName = ApiClientTests;
			productReference = A34A48592867A42800EC5C25 /* ApiClientTests.xctest */;
			productType = "com.apple.product-type.bundle.unit-test";
		};
		A34A48622867A42800EC5C25 /* ApiClientUITests */ = {
			isa = PBXNativeTarget;
			buildConfigurationList = A34A48732867A42800EC5C25 /* Build configuration list for PBXNativeTarget "ApiClientUITests" */;
			buildPhases = (
				A34A485F2867A42800EC5C25 /* Sources */,
				A34A48602867A42800EC5C25 /* Frameworks */,
				A34A48612867A42800EC5C25 /* Resources */,
			);
			buildRules = (
			);
			dependencies = (
				A34A48652867A42800EC5C25 /* PBXTargetDependency */,
			);
			name = ApiClientUITests;
			productName = ApiClientUITests;
			productReference = A34A48632867A42800EC5C25 /* ApiClientUITests.xctest */;
			productType = "com.apple.product-type.bundle.ui-testing";
		};
/* End PBXNativeTarget section */

/* Begin PBXProject section */
		A34A48382867A42700EC5C25 /* Project object */ = {
			isa = PBXProject;
			attributes = {
				BuildIndependentTargetsInParallel = 1;
				LastSwiftUpdateCheck = 1340;
				LastUpgradeCheck = 1340;
				TargetAttributes = {
					A34A483F2867A42700EC5C25 = {
						CreatedOnToolsVersion = 13.4.1;
					};
					A34A48582867A42800EC5C25 = {
						CreatedOnToolsVersion = 13.4.1;
						TestTargetID = A34A483F2867A42700EC5C25;
					};
					A34A48622867A42800EC5C25 = {
						CreatedOnToolsVersion = 13.4.1;
						TestTargetID = A34A483F2867A42700EC5C25;
					};
				};
			};
			buildConfigurationList = A34A483B2867A42700EC5C25 /* Build configuration list for PBXProject "ApiClient" */;
			compatibilityVersion = "Xcode 13.0";
			developmentRegion = en;
			hasScannedForEncodings = 0;
			knownRegions = (
				en,
				Base,
			);
			mainGroup = A34A48372867A42700EC5C25;
			productRefGroup = A34A48412867A42700EC5C25 /* Products */;
			projectDirPath = "";
			projectRoot = "";
			targets = (
				A34A483F2867A42700EC5C25 /* ApiClient */,
				A34A48582867A42800EC5C25 /* ApiClientTests */,
				A34A48622867A42800EC5C25 /* ApiClientUITests */,
			);
		};
/* End PBXProject section */

/* Begin PBXResourcesBuildPhase section */
		A34A483E2867A42700EC5C25 /* Resources */ = {
			isa = PBXResourcesBuildPhase;
			buildActionMask = 2147483647;
			files = (
				A34A48532867A42800EC5C25 /* LaunchScreen.storyboard in Resources */,
				A34A48502867A42800EC5C25 /* Assets.xcassets in Resources */,
				A34A484B2867A42700EC5C25 /* Main.storyboard in Resources */,
			);
			runOnlyForDeploymentPostprocessing = 0;
		};
		A34A48572867A42800EC5C25 /* Resources */ = {
			isa = PBXResourcesBuildPhase;
			buildActionMask = 2147483647;
			files = (
			);
			runOnlyForDeploymentPostprocessing = 0;
		};
		A34A48612867A42800EC5C25 /* Resources */ = {
			isa = PBXResourcesBuildPhase;
			buildActionMask = 2147483647;
			files = (
			);
			runOnlyForDeploymentPostprocessing = 0;
		};
/* End PBXResourcesBuildPhase section */

/* Begin PBXShellScriptBuildPhase section */
		A34A48772867B8BF00EC5C25 /* ShellScript */ = {
			isa = PBXShellScriptBuildPhase;
			buildActionMask = 2147483647;
			files = (
			);
			inputFileListPaths = (
			);
			inputPaths = (
			);
			outputFileListPaths = (
			);
			outputPaths = (
			);
			runOnlyForDeploymentPostprocessing = 0;
			shellPath = /bin/sh;
			shellScript = "export PATH=\"$PATH:/opt/homebrew/bin\"\nif which swiftlint > /dev/null; then\n  swiftlint\nelse\n  echo \"warning: SwiftLint not installed, download from https://github.com/realm/SwiftLint\"\nfi\n";
		};
/* End PBXShellScriptBuildPhase section */

/* Begin PBXSourcesBuildPhase section */
		A34A483C2867A42700EC5C25 /* Sources */ = {
			isa = PBXSourcesBuildPhase;
			buildActionMask = 2147483647;
			files = (
				FF023F87286B707B00014AEC /* GetMoviesEndpoint.swift in Sources */,
				FF023F85286A69A400014AEC /* ApiMovies.swift in Sources */,
				A34A48482867A42700EC5C25 /* ViewController.swift in Sources */,
				A34A48862867E6BD00EC5C25 /* Parser.swift in Sources */,
				A34A48882867E8A700EC5C25 /* Requester.swift in Sources */,
				A34A487B2867BD2900EC5C25 /* ApiClient.swift in Sources */,
				A34A48832867DBB700EC5C25 /* Router.swift in Sources */,
				A34A48442867A42700EC5C25 /* AppDelegate.swift in Sources */,
				A34A48462867A42700EC5C25 /* SceneDelegate.swift in Sources */,
				A34A487F2867D97400EC5C25 /* Entity.swift in Sources */,
				A34A484E2867A42700EC5C25 /* ApiClient.xcdatamodeld in Sources */,
				A34A487D2867D74000EC5C25 /* EndPoint.swift in Sources */,
				A34A48792867BB1200EC5C25 /* API.swift in Sources */,
				A34A48812867D99500EC5C25 /* Constants.swift in Sources */,
			);
			runOnlyForDeploymentPostprocessing = 0;
		};
		A34A48552867A42800EC5C25 /* Sources */ = {
			isa = PBXSourcesBuildPhase;
			buildActionMask = 2147483647;
			files = (
				A34A485E2867A42800EC5C25 /* ApiClientTests.swift in Sources */,
			);
			runOnlyForDeploymentPostprocessing = 0;
		};
		A34A485F2867A42800EC5C25 /* Sources */ = {
			isa = PBXSourcesBuildPhase;
			buildActionMask = 2147483647;
			files = (
				A34A486A2867A42800EC5C25 /* ApiClientUITestsLaunchTests.swift in Sources */,
				A34A48682867A42800EC5C25 /* ApiClientUITests.swift in Sources */,
			);
			runOnlyForDeploymentPostprocessing = 0;
		};
/* End PBXSourcesBuildPhase section */

/* Begin PBXTargetDependency section */
		A34A485B2867A42800EC5C25 /* PBXTargetDependency */ = {
			isa = PBXTargetDependency;
			target = A34A483F2867A42700EC5C25 /* ApiClient */;
			targetProxy = A34A485A2867A42800EC5C25 /* PBXContainerItemProxy */;
		};
		A34A48652867A42800EC5C25 /* PBXTargetDependency */ = {
			isa = PBXTargetDependency;
			target = A34A483F2867A42700EC5C25 /* ApiClient */;
			targetProxy = A34A48642867A42800EC5C25 /* PBXContainerItemProxy */;
		};
/* End PBXTargetDependency section */

/* Begin PBXVariantGroup section */
		A34A48492867A42700EC5C25 /* Main.storyboard */ = {
			isa = PBXVariantGroup;
			children = (
				A34A484A2867A42700EC5C25 /* Base */,
			);
			name = Main.storyboard;
			sourceTree = "<group>";
		};
		A34A48512867A42800EC5C25 /* LaunchScreen.storyboard */ = {
			isa = PBXVariantGroup;
			children = (
				A34A48522867A42800EC5C25 /* Base */,
			);
			name = LaunchScreen.storyboard;
			sourceTree = "<group>";
		};
/* End PBXVariantGroup section */

/* Begin XCBuildConfiguration section */
		A34A486B2867A42800EC5C25 /* Debug */ = {
			isa = XCBuildConfiguration;
			buildSettings = {
				ALWAYS_SEARCH_USER_PATHS = NO;
				CLANG_ANALYZER_NONNULL = YES;
				CLANG_ANALYZER_NUMBER_OBJECT_CONVERSION = YES_AGGRESSIVE;
				CLANG_CXX_LANGUAGE_STANDARD = "gnu++17";
				CLANG_ENABLE_MODULES = YES;
				CLANG_ENABLE_OBJC_ARC = YES;
				CLANG_ENABLE_OBJC_WEAK = YES;
				CLANG_WARN_BLOCK_CAPTURE_AUTORELEASING = YES;
				CLANG_WARN_BOOL_CONVERSION = YES;
				CLANG_WARN_COMMA = YES;
				CLANG_WARN_CONSTANT_CONVERSION = YES;
				CLANG_WARN_DEPRECATED_OBJC_IMPLEMENTATIONS = YES;
				CLANG_WARN_DIRECT_OBJC_ISA_USAGE = YES_ERROR;
				CLANG_WARN_DOCUMENTATION_COMMENTS = YES;
				CLANG_WARN_EMPTY_BODY = YES;
				CLANG_WARN_ENUM_CONVERSION = YES;
				CLANG_WARN_INFINITE_RECURSION = YES;
				CLANG_WARN_INT_CONVERSION = YES;
				CLANG_WARN_NON_LITERAL_NULL_CONVERSION = YES;
				CLANG_WARN_OBJC_IMPLICIT_RETAIN_SELF = YES;
				CLANG_WARN_OBJC_LITERAL_CONVERSION = YES;
				CLANG_WARN_OBJC_ROOT_CLASS = YES_ERROR;
				CLANG_WARN_QUOTED_INCLUDE_IN_FRAMEWORK_HEADER = YES;
				CLANG_WARN_RANGE_LOOP_ANALYSIS = YES;
				CLANG_WARN_STRICT_PROTOTYPES = YES;
				CLANG_WARN_SUSPICIOUS_MOVE = YES;
				CLANG_WARN_UNGUARDED_AVAILABILITY = YES_AGGRESSIVE;
				CLANG_WARN_UNREACHABLE_CODE = YES;
				CLANG_WARN__DUPLICATE_METHOD_MATCH = YES;
				COPY_PHASE_STRIP = NO;
				DEBUG_INFORMATION_FORMAT = dwarf;
				ENABLE_STRICT_OBJC_MSGSEND = YES;
				ENABLE_TESTABILITY = YES;
				GCC_C_LANGUAGE_STANDARD = gnu11;
				GCC_DYNAMIC_NO_PIC = NO;
				GCC_NO_COMMON_BLOCKS = YES;
				GCC_OPTIMIZATION_LEVEL = 0;
				GCC_PREPROCESSOR_DEFINITIONS = (
					"DEBUG=1",
					"$(inherited)",
				);
				GCC_WARN_64_TO_32_BIT_CONVERSION = YES;
				GCC_WARN_ABOUT_RETURN_TYPE = YES_ERROR;
				GCC_WARN_UNDECLARED_SELECTOR = YES;
				GCC_WARN_UNINITIALIZED_AUTOS = YES_AGGRESSIVE;
				GCC_WARN_UNUSED_FUNCTION = YES;
				GCC_WARN_UNUSED_VARIABLE = YES;
				IPHONEOS_DEPLOYMENT_TARGET = 15.5;
				MTL_ENABLE_DEBUG_INFO = INCLUDE_SOURCE;
				MTL_FAST_MATH = YES;
				ONLY_ACTIVE_ARCH = YES;
				SDKROOT = iphoneos;
				SWIFT_ACTIVE_COMPILATION_CONDITIONS = DEBUG;
				SWIFT_OPTIMIZATION_LEVEL = "-Onone";
			};
			name = Debug;
		};
		A34A486C2867A42800EC5C25 /* Release */ = {
			isa = XCBuildConfiguration;
			buildSettings = {
				ALWAYS_SEARCH_USER_PATHS = NO;
				CLANG_ANALYZER_NONNULL = YES;
				CLANG_ANALYZER_NUMBER_OBJECT_CONVERSION = YES_AGGRESSIVE;
				CLANG_CXX_LANGUAGE_STANDARD = "gnu++17";
				CLANG_ENABLE_MODULES = YES;
				CLANG_ENABLE_OBJC_ARC = YES;
				CLANG_ENABLE_OBJC_WEAK = YES;
				CLANG_WARN_BLOCK_CAPTURE_AUTORELEASING = YES;
				CLANG_WARN_BOOL_CONVERSION = YES;
				CLANG_WARN_COMMA = YES;
				CLANG_WARN_CONSTANT_CONVERSION = YES;
				CLANG_WARN_DEPRECATED_OBJC_IMPLEMENTATIONS = YES;
				CLANG_WARN_DIRECT_OBJC_ISA_USAGE = YES_ERROR;
				CLANG_WARN_DOCUMENTATION_COMMENTS = YES;
				CLANG_WARN_EMPTY_BODY = YES;
				CLANG_WARN_ENUM_CONVERSION = YES;
				CLANG_WARN_INFINITE_RECURSION = YES;
				CLANG_WARN_INT_CONVERSION = YES;
				CLANG_WARN_NON_LITERAL_NULL_CONVERSION = YES;
				CLANG_WARN_OBJC_IMPLICIT_RETAIN_SELF = YES;
				CLANG_WARN_OBJC_LITERAL_CONVERSION = YES;
				CLANG_WARN_OBJC_ROOT_CLASS = YES_ERROR;
				CLANG_WARN_QUOTED_INCLUDE_IN_FRAMEWORK_HEADER = YES;
				CLANG_WARN_RANGE_LOOP_ANALYSIS = YES;
				CLANG_WARN_STRICT_PROTOTYPES = YES;
				CLANG_WARN_SUSPICIOUS_MOVE = YES;
				CLANG_WARN_UNGUARDED_AVAILABILITY = YES_AGGRESSIVE;
				CLANG_WARN_UNREACHABLE_CODE = YES;
				CLANG_WARN__DUPLICATE_METHOD_MATCH = YES;
				COPY_PHASE_STRIP = NO;
				DEBUG_INFORMATION_FORMAT = "dwarf-with-dsym";
				ENABLE_NS_ASSERTIONS = NO;
				ENABLE_STRICT_OBJC_MSGSEND = YES;
				GCC_C_LANGUAGE_STANDARD = gnu11;
				GCC_NO_COMMON_BLOCKS = YES;
				GCC_WARN_64_TO_32_BIT_CONVERSION = YES;
				GCC_WARN_ABOUT_RETURN_TYPE = YES_ERROR;
				GCC_WARN_UNDECLARED_SELECTOR = YES;
				GCC_WARN_UNINITIALIZED_AUTOS = YES_AGGRESSIVE;
				GCC_WARN_UNUSED_FUNCTION = YES;
				GCC_WARN_UNUSED_VARIABLE = YES;
				IPHONEOS_DEPLOYMENT_TARGET = 15.5;
				MTL_ENABLE_DEBUG_INFO = NO;
				MTL_FAST_MATH = YES;
				SDKROOT = iphoneos;
				SWIFT_COMPILATION_MODE = wholemodule;
				SWIFT_OPTIMIZATION_LEVEL = "-O";
				VALIDATE_PRODUCT = YES;
			};
			name = Release;
		};
		A34A486E2867A42800EC5C25 /* Debug */ = {
			isa = XCBuildConfiguration;
			buildSettings = {
				ASSETCATALOG_COMPILER_APPICON_NAME = AppIcon;
				ASSETCATALOG_COMPILER_GLOBAL_ACCENT_COLOR_NAME = AccentColor;
				CODE_SIGN_STYLE = Automatic;
				CURRENT_PROJECT_VERSION = 1;
				DEVELOPMENT_TEAM = 78FH838K7D;
				GENERATE_INFOPLIST_FILE = YES;
				INFOPLIST_FILE = ApiClient/Info.plist;
				INFOPLIST_KEY_UIApplicationSupportsIndirectInputEvents = YES;
				INFOPLIST_KEY_UILaunchStoryboardName = LaunchScreen;
				INFOPLIST_KEY_UIMainStoryboardFile = Main;
				INFOPLIST_KEY_UISupportedInterfaceOrientations_iPad = "UIInterfaceOrientationPortrait UIInterfaceOrientationPortraitUpsideDown UIInterfaceOrientationLandscapeLeft UIInterfaceOrientationLandscapeRight";
				INFOPLIST_KEY_UISupportedInterfaceOrientations_iPhone = "UIInterfaceOrientationPortrait UIInterfaceOrientationLandscapeLeft UIInterfaceOrientationLandscapeRight";
				IPHONEOS_DEPLOYMENT_TARGET = 15.3;
				LD_RUNPATH_SEARCH_PATHS = (
					"$(inherited)",
					"@executable_path/Frameworks",
				);
				MARKETING_VERSION = 1.0;
				PRODUCT_BUNDLE_IDENTIFIER = Gus.ApiClient;
				PRODUCT_NAME = "$(TARGET_NAME)";
				SWIFT_EMIT_LOC_STRINGS = YES;
				SWIFT_VERSION = 5.0;
				TARGETED_DEVICE_FAMILY = "1,2";
			};
			name = Debug;
		};
		A34A486F2867A42800EC5C25 /* Release */ = {
			isa = XCBuildConfiguration;
			buildSettings = {
				ASSETCATALOG_COMPILER_APPICON_NAME = AppIcon;
				ASSETCATALOG_COMPILER_GLOBAL_ACCENT_COLOR_NAME = AccentColor;
				CODE_SIGN_STYLE = Automatic;
				CURRENT_PROJECT_VERSION = 1;
				DEVELOPMENT_TEAM = 78FH838K7D;
				GENERATE_INFOPLIST_FILE = YES;
				INFOPLIST_FILE = ApiClient/Info.plist;
				INFOPLIST_KEY_UIApplicationSupportsIndirectInputEvents = YES;
				INFOPLIST_KEY_UILaunchStoryboardName = LaunchScreen;
				INFOPLIST_KEY_UIMainStoryboardFile = Main;
				INFOPLIST_KEY_UISupportedInterfaceOrientations_iPad = "UIInterfaceOrientationPortrait UIInterfaceOrientationPortraitUpsideDown UIInterfaceOrientationLandscapeLeft UIInterfaceOrientationLandscapeRight";
				INFOPLIST_KEY_UISupportedInterfaceOrientations_iPhone = "UIInterfaceOrientationPortrait UIInterfaceOrientationLandscapeLeft UIInterfaceOrientationLandscapeRight";
				IPHONEOS_DEPLOYMENT_TARGET = 15.3;
				LD_RUNPATH_SEARCH_PATHS = (
					"$(inherited)",
					"@executable_path/Frameworks",
				);
				MARKETING_VERSION = 1.0;
				PRODUCT_BUNDLE_IDENTIFIER = Gus.ApiClient;
				PRODUCT_NAME = "$(TARGET_NAME)";
				SWIFT_EMIT_LOC_STRINGS = YES;
				SWIFT_VERSION = 5.0;
				TARGETED_DEVICE_FAMILY = "1,2";
			};
			name = Release;
		};
		A34A48712867A42800EC5C25 /* Debug */ = {
			isa = XCBuildConfiguration;
			buildSettings = {
				ALWAYS_EMBED_SWIFT_STANDARD_LIBRARIES = YES;
				BUNDLE_LOADER = "$(TEST_HOST)";
				CODE_SIGN_STYLE = Automatic;
				CURRENT_PROJECT_VERSION = 1;
				GENERATE_INFOPLIST_FILE = YES;
				IPHONEOS_DEPLOYMENT_TARGET = 15.5;
				MARKETING_VERSION = 1.0;
				PRODUCT_BUNDLE_IDENTIFIER = Gus.ApiClientTests;
				PRODUCT_NAME = "$(TARGET_NAME)";
				SWIFT_EMIT_LOC_STRINGS = NO;
				SWIFT_VERSION = 5.0;
				TARGETED_DEVICE_FAMILY = "1,2";
				TEST_HOST = "$(BUILT_PRODUCTS_DIR)/ApiClient.app/ApiClient";
			};
			name = Debug;
		};
		A34A48722867A42800EC5C25 /* Release */ = {
			isa = XCBuildConfiguration;
			buildSettings = {
				ALWAYS_EMBED_SWIFT_STANDARD_LIBRARIES = YES;
				BUNDLE_LOADER = "$(TEST_HOST)";
				CODE_SIGN_STYLE = Automatic;
				CURRENT_PROJECT_VERSION = 1;
				GENERATE_INFOPLIST_FILE = YES;
				IPHONEOS_DEPLOYMENT_TARGET = 15.5;
				MARKETING_VERSION = 1.0;
				PRODUCT_BUNDLE_IDENTIFIER = Gus.ApiClientTests;
				PRODUCT_NAME = "$(TARGET_NAME)";
				SWIFT_EMIT_LOC_STRINGS = NO;
				SWIFT_VERSION = 5.0;
				TARGETED_DEVICE_FAMILY = "1,2";
				TEST_HOST = "$(BUILT_PRODUCTS_DIR)/ApiClient.app/ApiClient";
			};
			name = Release;
		};
		A34A48742867A42800EC5C25 /* Debug */ = {
			isa = XCBuildConfiguration;
			buildSettings = {
				ALWAYS_EMBED_SWIFT_STANDARD_LIBRARIES = YES;
				CODE_SIGN_STYLE = Automatic;
				CURRENT_PROJECT_VERSION = 1;
				GENERATE_INFOPLIST_FILE = YES;
				MARKETING_VERSION = 1.0;
				PRODUCT_BUNDLE_IDENTIFIER = Gus.ApiClientUITests;
				PRODUCT_NAME = "$(TARGET_NAME)";
				SWIFT_EMIT_LOC_STRINGS = NO;
				SWIFT_VERSION = 5.0;
				TARGETED_DEVICE_FAMILY = "1,2";
				TEST_TARGET_NAME = ApiClient;
			};
			name = Debug;
		};
		A34A48752867A42800EC5C25 /* Release */ = {
			isa = XCBuildConfiguration;
			buildSettings = {
				ALWAYS_EMBED_SWIFT_STANDARD_LIBRARIES = YES;
				CODE_SIGN_STYLE = Automatic;
				CURRENT_PROJECT_VERSION = 1;
				GENERATE_INFOPLIST_FILE = YES;
				MARKETING_VERSION = 1.0;
				PRODUCT_BUNDLE_IDENTIFIER = Gus.ApiClientUITests;
				PRODUCT_NAME = "$(TARGET_NAME)";
				SWIFT_EMIT_LOC_STRINGS = NO;
				SWIFT_VERSION = 5.0;
				TARGETED_DEVICE_FAMILY = "1,2";
				TEST_TARGET_NAME = ApiClient;
			};
			name = Release;
		};
/* End XCBuildConfiguration section */

/* Begin XCConfigurationList section */
		A34A483B2867A42700EC5C25 /* Build configuration list for PBXProject "ApiClient" */ = {
			isa = XCConfigurationList;
			buildConfigurations = (
				A34A486B2867A42800EC5C25 /* Debug */,
				A34A486C2867A42800EC5C25 /* Release */,
			);
			defaultConfigurationIsVisible = 0;
			defaultConfigurationName = Release;
		};
		A34A486D2867A42800EC5C25 /* Build configuration list for PBXNativeTarget "ApiClient" */ = {
			isa = XCConfigurationList;
			buildConfigurations = (
				A34A486E2867A42800EC5C25 /* Debug */,
				A34A486F2867A42800EC5C25 /* Release */,
			);
			defaultConfigurationIsVisible = 0;
			defaultConfigurationName = Release;
		};
		A34A48702867A42800EC5C25 /* Build configuration list for PBXNativeTarget "ApiClientTests" */ = {
			isa = XCConfigurationList;
			buildConfigurations = (
				A34A48712867A42800EC5C25 /* Debug */,
				A34A48722867A42800EC5C25 /* Release */,
			);
			defaultConfigurationIsVisible = 0;
			defaultConfigurationName = Release;
		};
		A34A48732867A42800EC5C25 /* Build configuration list for PBXNativeTarget "ApiClientUITests" */ = {
			isa = XCConfigurationList;
			buildConfigurations = (
				A34A48742867A42800EC5C25 /* Debug */,
				A34A48752867A42800EC5C25 /* Release */,
			);
			defaultConfigurationIsVisible = 0;
			defaultConfigurationName = Release;
		};
/* End XCConfigurationList section */

/* Begin XCVersionGroup section */
		A34A484C2867A42700EC5C25 /* ApiClient.xcdatamodeld */ = {
			isa = XCVersionGroup;
			children = (
				A34A484D2867A42700EC5C25 /* ApiClient.xcdatamodel */,
			);
			currentVersion = A34A484D2867A42700EC5C25 /* ApiClient.xcdatamodel */;
			path = ApiClient.xcdatamodeld;
			sourceTree = "<group>";
			versionGroupType = wrapper.xcdatamodel;
		};
/* End XCVersionGroup section */
	};
	rootObject = A34A48382867A42700EC5C25 /* Project object */;
}
